// !$*UTF8*$!
{
	archiveVersion = 1;
	classes = {
	};
	objectVersion = 46;
	objects = {

/* Begin PBXBuildFile section */
		FFFCA1DA1EBFEF8F00668B72 /* AppDelegate.swift in Sources */ = {isa = PBXBuildFile; fileRef = FFFCA1D91EBFEF8F00668B72 /* AppDelegate.swift */; };
		FFFCA1DF1EBFEF8F00668B72 /* Main.storyboard in Resources */ = {isa = PBXBuildFile; fileRef = FFFCA1DD1EBFEF8F00668B72 /* Main.storyboard */; };
		FFFCA1E11EBFEF8F00668B72 /* Assets.xcassets in Resources */ = {isa = PBXBuildFile; fileRef = FFFCA1E01EBFEF8F00668B72 /* Assets.xcassets */; };
		FFFCA1E41EBFEF8F00668B72 /* LaunchScreen.storyboard in Resources */ = {isa = PBXBuildFile; fileRef = FFFCA1E21EBFEF8F00668B72 /* LaunchScreen.storyboard */; };
		FFFCA1EC1EBFF00600668B72 /* FullWidthLayout.swift in Sources */ = {isa = PBXBuildFile; fileRef = FFFCA1EB1EBFF00600668B72 /* FullWidthLayout.swift */; };
		FFFCA1EE1EBFF0AF00668B72 /* FullWidthCollectionViewController.swift in Sources */ = {isa = PBXBuildFile; fileRef = FFFCA1ED1EBFF0AF00668B72 /* FullWidthCollectionViewController.swift */; };
/* End PBXBuildFile section */

/* Begin PBXFileReference section */
		FFFCA1D61EBFEF8F00668B72 /* CollectionViewRotate.app */ = {isa = PBXFileReference; explicitFileType = wrapper.application; includeInIndex = 0; path = CollectionViewRotate.app; sourceTree = BUILT_PRODUCTS_DIR; };
		FFFCA1D91EBFEF8F00668B72 /* AppDelegate.swift */ = {isa = PBXFileReference; lastKnownFileType = sourcecode.swift; path = AppDelegate.swift; sourceTree = "<group>"; };
		FFFCA1DE1EBFEF8F00668B72 /* Base */ = {isa = PBXFileReference; lastKnownFileType = file.storyboard; name = Base; path = Base.lproj/Main.storyboard; sourceTree = "<group>"; };
		FFFCA1E01EBFEF8F00668B72 /* Assets.xcassets */ = {isa = PBXFileReference; lastKnownFileType = folder.assetcatalog; path = Assets.xcassets; sourceTree = "<group>"; };
		FFFCA1E31EBFEF8F00668B72 /* Base */ = {isa = PBXFileReference; lastKnownFileType = file.storyboard; name = Base; path = Base.lproj/LaunchScreen.storyboard; sourceTree = "<group>"; };
		FFFCA1E51EBFEF8F00668B72 /* Info.plist */ = {isa = PBXFileReference; lastKnownFileType = text.plist.xml; path = Info.plist; sourceTree = "<group>"; };
		FFFCA1EB1EBFF00600668B72 /* FullWidthLayout.swift */ = {isa = PBXFileReference; fileEncoding = 4; lastKnownFileType = sourcecode.swift; path = FullWidthLayout.swift; sourceTree = "<group>"; };
		FFFCA1ED1EBFF0AF00668B72 /* FullWidthCollectionViewController.swift */ = {isa = PBXFileReference; fileEncoding = 4; lastKnownFileType = sourcecode.swift; path = FullWidthCollectionViewController.swift; sourceTree = "<group>"; };
/* End PBXFileReference section */

/* Begin PBXFrameworksBuildPhase section */
		FFFCA1D31EBFEF8F00668B72 /* Frameworks */ = {
			isa = PBXFrameworksBuildPhase;
			buildActionMask = 2147483647;
			files = (
			);
			runOnlyForDeploymentPostprocessing = 0;
		};
/* End PBXFrameworksBuildPhase section */

/* Begin PBXGroup section */
		FFFCA1CD1EBFEF8F00668B72 = {
			isa = PBXGroup;
			children = (
				FFFCA1D81EBFEF8F00668B72 /* CollectionViewRotate */,
				FFFCA1D71EBFEF8F00668B72 /* Products */,
			);
			sourceTree = "<group>";
		};
		FFFCA1D71EBFEF8F00668B72 /* Products */ = {
			isa = PBXGroup;
			children = (
				FFFCA1D61EBFEF8F00668B72 /* CollectionViewRotate.app */,
			);
			name = Products;
			sourceTree = "<group>";
		};
		FFFCA1D81EBFEF8F00668B72 /* CollectionViewRotate */ = {
			isa = PBXGroup;
			children = (
				FFFCA1D91EBFEF8F00668B72 /* AppDelegate.swift */,
				FFFCA1ED1EBFF0AF00668B72 /* FullWidthCollectionViewController.swift */,
				FFFCA1EB1EBFF00600668B72 /* FullWidthLayout.swift */,
				FFFCA1DD1EBFEF8F00668B72 /* Main.storyboard */,
				FFFCA1E01EBFEF8F00668B72 /* Assets.xcassets */,
				FFFCA1E21EBFEF8F00668B72 /* LaunchScreen.storyboard */,
				FFFCA1E51EBFEF8F00668B72 /* Info.plist */,
			);
			path = CollectionViewRotate;
			sourceTree = "<group>";
		};
/* End PBXGroup section */

/* Begin PBXNativeTarget section */
		FFFCA1D51EBFEF8F00668B72 /* CollectionViewRotate */ = {
			isa = PBXNativeTarget;
			buildConfigurationList = FFFCA1E81EBFEF8F00668B72 /* Build configuration list for PBXNativeTarget "CollectionViewRotate" */;
			buildPhases = (
				FFFCA1D21EBFEF8F00668B72 /* Sources */,
				FFFCA1D31EBFEF8F00668B72 /* Frameworks */,
				FFFCA1D41EBFEF8F00668B72 /* Resources */,
			);
			buildRules = (
			);
			dependencies = (
			);
			name = CollectionViewRotate;
			productName = CollectionViewRotate;
			productReference = FFFCA1D61EBFEF8F00668B72 /* CollectionViewRotate.app */;
			productType = "com.apple.product-type.application";
		};
/* End PBXNativeTarget section */

/* Begin PBXProject section */
		FFFCA1CE1EBFEF8F00668B72 /* Project object */ = {
			isa = PBXProject;
			attributes = {
				LastSwiftUpdateCheck = 0830;
				LastUpgradeCheck = 0830;
				ORGANIZATIONNAME = MDFProjects;
				TargetAttributes = {
					FFFCA1D51EBFEF8F00668B72 = {
						CreatedOnToolsVersion = 8.3.2;
						DevelopmentTeam = 538R2KUTXD;
						ProvisioningStyle = Automatic;
					};
				};
			};
			buildConfigurationList = FFFCA1D11EBFEF8F00668B72 /* Build configuration list for PBXProject "CollectionViewRotate" */;
			compatibilityVersion = "Xcode 3.2";
			developmentRegion = English;
			hasScannedForEncodings = 0;
			knownRegions = (
				en,
				Base,
			);
			mainGroup = FFFCA1CD1EBFEF8F00668B72;
			productRefGroup = FFFCA1D71EBFEF8F00668B72 /* Products */;
			projectDirPath = "";
			projectRoot = "";
			targets = (
				FFFCA1D51EBFEF8F00668B72 /* CollectionViewRotate */,
			);
		};
/* End PBXProject section */

/* Begin PBXResourcesBuildPhase section */
		FFFCA1D41EBFEF8F00668B72 /* Resources */ = {
			isa = PBXResourcesBuildPhase;
			buildActionMask = 2147483647;
			files = (
				FFFCA1E41EBFEF8F00668B72 /* LaunchScreen.storyboard in Resources */,
				FFFCA1E11EBFEF8F00668B72 /* Assets.xcassets in Resources */,
				FFFCA1DF1EBFEF8F00668B72 /* Main.storyboard in Resources */,
			);
			runOnlyForDeploymentPostprocessing = 0;
		};
/* End PBXResourcesBuildPhase section */

/* Begin PBXSourcesBuildPhase section */
		FFFCA1D21EBFEF8F00668B72 /* Sources */ = {
			isa = PBXSourcesBuildPhase;
			buildActionMask = 2147483647;
			files = (
				FFFCA1DA1EBFEF8F00668B72 /* AppDelegate.swift in Sources */,
				FFFCA1EC1EBFF00600668B72 /* FullWidthLayout.swift in Sources */,
				FFFCA1EE1EBFF0AF00668B72 /* FullWidthCollectionViewController.swift in Sources */,
			);
			runOnlyForDeploymentPostprocessing = 0;
		};
/* End PBXSourcesBuildPhase section */

/* Begin PBXVariantGroup section */
		FFFCA1DD1EBFEF8F00668B72 /* Main.storyboard */ = {
			isa = PBXVariantGroup;
			children = (
				FFFCA1DE1EBFEF8F00668B72 /* Base */,
			);
			name = Main.storyboard;
			sourceTree = "<group>";
		};
		FFFCA1E21EBFEF8F00668B72 /* LaunchScreen.storyboard */ = {
			isa = PBXVariantGroup;
			children = (
				FFFCA1E31EBFEF8F00668B72 /* Base */,
			);
			name = LaunchScreen.storyboard;
			sourceTree = "<group>";
		};
/* End PBXVariantGroup section */

/* Begin XCBuildConfiguration section */
		FFFCA1E61EBFEF8F00668B72 /* Debug */ = {
			isa = XCBuildConfiguration;
			buildSettings = {
				ALWAYS_SEARCH_USER_PATHS = NO;
				CLANG_ANALYZER_NONNULL = YES;
				CLANG_ANALYZER_NUMBER_OBJECT_CONVERSION = YES_AGGRESSIVE;
				CLANG_CXX_LANGUAGE_STANDARD = "gnu++0x";
				CLANG_CXX_LIBRARY = "libc++";
				CLANG_ENABLE_MODULES = YES;
				CLANG_ENABLE_OBJC_ARC = YES;
				CLANG_WARN_BOOL_CONVERSION = YES;
				CLANG_WARN_CONSTANT_CONVERSION = YES;
				CLANG_WARN_DIRECT_OBJC_ISA_USAGE = YES_ERROR;
				CLANG_WARN_DOCUMENTATION_COMMENTS = YES;
				CLANG_WARN_EMPTY_BODY = YES;
				CLANG_WARN_ENUM_CONVERSION = YES;
				CLANG_WARN_INFINITE_RECURSION = YES;
				CLANG_WARN_INT_CONVERSION = YES;
				CLANG_WARN_OBJC_ROOT_CLASS = YES_ERROR;
				CLANG_WARN_SUSPICIOUS_MOVE = YES;
				CLANG_WARN_UNREACHABLE_CODE = YES;
				CLANG_WARN__DUPLICATE_METHOD_MATCH = YES;
				"CODE_SIGN_IDENTITY[sdk=iphoneos*]" = "iPhone Developer";
				COPY_PHASE_STRIP = NO;
				DEBUG_INFORMATION_FORMAT = dwarf;
				ENABLE_STRICT_OBJC_MSGSEND = YES;
				ENABLE_TESTABILITY = YES;
				GCC_C_LANGUAGE_STANDARD = gnu99;
				GCC_DYNAMIC_NO_PIC = NO;
				GCC_NO_COMMON_BLOCKS = YES;
				GCC_OPTIMIZATION_LEVEL = 0;
				GCC_PREPROCESSOR_DEFINITIONS = (
					"DEBUG=1",
					"$(inherited)",
				);
				GCC_WARN_64_TO_32_BIT_CONVERSION = YES;
				GCC_WARN_ABOUT_RETURN_TYPE = YES_ERROR;
				GCC_WARN_UNDECLARED_SELECTOR = YES;
				GCC_WARN_UNINITIALIZED_AUTOS = YES_AGGRESSIVE;
				GCC_WARN_UNUSED_FUNCTION = YES;
				GCC_WARN_UNUSED_VARIABLE = YES;
				IPHONEOS_DEPLOYMENT_TARGET = 10.3;
				MTL_ENABLE_DEBUG_INFO = YES;
				ONLY_ACTIVE_ARCH = YES;
				SDKROOT = iphoneos;
				SWIFT_ACTIVE_COMPILATION_CONDITIONS = DEBUG;
				SWIFT_OPTIMIZATION_LEVEL = "-Onone";
				TARGETED_DEVICE_FAMILY = "1,2";
			};
			name = Debug;
		};
		FFFCA1E71EBFEF8F00668B72 /* Release */ = {
			isa = XCBuildConfiguration;
			buildSettings = {
				ALWAYS_SEARCH_USER_PATHS = NO;
				CLANG_ANALYZER_NONNULL = YES;
				CLANG_ANALYZER_NUMBER_OBJECT_CONVERSION = YES_AGGRESSIVE;
				CLANG_CXX_LANGUAGE_STANDARD = "gnu++0x";
				CLANG_CXX_LIBRARY = "libc++";
				CLANG_ENABLE_MODULES = YES;
				CLANG_ENABLE_OBJC_ARC = YES;
				CLANG_WARN_BOOL_CONVERSION = YES;
				CLANG_WARN_CONSTANT_CONVERSION = YES;
				CLANG_WARN_DIRECT_OBJC_ISA_USAGE = YES_ERROR;
				CLANG_WARN_DOCUMENTATION_COMMENTS = YES;
				CLANG_WARN_EMPTY_BODY = YES;
				CLANG_WARN_ENUM_CONVERSION = YES;
				CLANG_WARN_INFINITE_RECURSION = YES;
				CLANG_WARN_INT_CONVERSION = YES;
				CLANG_WARN_OBJC_ROOT_CLASS = YES_ERROR;
				CLANG_WARN_SUSPICIOUS_MOVE = YES;
				CLANG_WARN_UNREACHABLE_CODE = YES;
				CLANG_WARN__DUPLICATE_METHOD_MATCH = YES;
				"CODE_SIGN_IDENTITY[sdk=iphoneos*]" = "iPhone Developer";
				COPY_PHASE_STRIP = NO;
				DEBUG_INFORMATION_FORMAT = "dwarf-with-dsym";
				ENABLE_NS_ASSERTIONS = NO;
				ENABLE_STRICT_OBJC_MSGSEND = YES;
				GCC_C_LANGUAGE_STANDARD = gnu99;
				GCC_NO_COMMON_BLOCKS = YES;
				GCC_WARN_64_TO_32_BIT_CONVERSION = YES;
				GCC_WARN_ABOUT_RETURN_TYPE = YES_ERROR;
				GCC_WARN_UNDECLARED_SELECTOR = YES;
				GCC_WARN_UNINITIALIZED_AUTOS = YES_AGGRESSIVE;
				GCC_WARN_UNUSED_FUNCTION = YES;
				GCC_WARN_UNUSED_VARIABLE = YES;
				IPHONEOS_DEPLOYMENT_TARGET = 10.3;
				MTL_ENABLE_DEBUG_INFO = NO;
				SDKROOT = iphoneos;
				SWIFT_OPTIMIZATION_LEVEL = "-Owholemodule";
				TARGETED_DEVICE_FAMILY = "1,2";
				VALIDATE_PRODUCT = YES;
			};
			name = Release;
		};
		FFFCA1E91EBFEF8F00668B72 /* Debug */ = {
			isa = XCBuildConfiguration;
			buildSettings = {
				ASSETCATALOG_COMPILER_APPICON_NAME = AppIcon;
				DEVELOPMENT_TEAM = 538R2KUTXD;
				INFOPLIST_FILE = CollectionViewRotate/Info.plist;
				LD_RUNPATH_SEARCH_PATHS = "$(inherited) @executable_path/Frameworks";
				PRODUCT_BUNDLE_IDENTIFIER = com.mdfprojects.CollectionViewRotate;
				PRODUCT_NAME = "$(TARGET_NAME)";
				SWIFT_VERSION = 3.0;
			};
			name = Debug;
		};
		FFFCA1EA1EBFEF8F00668B72 /* Release */ = {
			isa = XCBuildConfiguration;
			buildSettings = {
				ASSETCATALOG_COMPILER_APPICON_NAME = AppIcon;
				DEVELOPMENT_TEAM = 538R2KUTXD;
				INFOPLIST_FILE = CollectionViewRotate/Info.plist;
				LD_RUNPATH_SEARCH_PATHS = "$(inherited) @executable_path/Frameworks";
				PRODUCT_BUNDLE_IDENTIFIER = com.mdfprojects.CollectionViewRotate;
				PRODUCT_NAME = "$(TARGET_NAME)";
				SWIFT_VERSION = 3.0;
			};
			name = Release;
		};
/* End XCBuildConfiguration section */

/* Begin XCConfigurationList section */
		FFFCA1D11EBFEF8F00668B72 /* Build configuration list for PBXProject "CollectionViewRotate" */ = {
			isa = XCConfigurationList;
			buildConfigurations = (
				FFFCA1E61EBFEF8F00668B72 /* Debug */,
				FFFCA1E71EBFEF8F00668B72 /* Release */,
			);
			defaultConfigurationIsVisible = 0;
			defaultConfigurationName = Release;
		};
		FFFCA1E81EBFEF8F00668B72 /* Build configuration list for PBXNativeTarget "CollectionViewRotate" */ = {
			isa = XCConfigurationList;
			buildConfigurations = (
				FFFCA1E91EBFEF8F00668B72 /* Debug */,
				FFFCA1EA1EBFEF8F00668B72 /* Release */,
			);
			defaultConfigurationIsVisible = 0;
		};
/* End XCConfigurationList section */
	};
	rootObject = FFFCA1CE1EBFEF8F00668B72 /* Project object */;
}
